{
  "pins" : [
    {
      "identity" : "stackviewbuilder",
      "kind" : "remoteSourceControl",
      "location" : "https://github.com/Mx-Iris/StackViewBuilder",
      "state" : {
        "branch" : "main",
        "revision" : "40c0d4e3d53b34a541fba9fbd5e1c240d9075143"
      }
    }
  ],
  "version" : 2
}
